
Microsoft Visual Studio Solution File, Format Version 12.00
# Visual Studio Version 16
VisualStudioVersion = 16.0.29326.143
MinimumVisualStudioVersion = 15.0.26124.0
Project("{9A19103F-16F7-4668-BE54-9A1E7A4F7556}") = "Domain", "Domain\Domain.csproj", "{DE1C400D-FCDF-434A-86A4-3AD29F8B3491}"
EndProject
Project("{9A19103F-16F7-4668-BE54-9A1E7A4F7556}") = "Application", "Application\Application.csproj", "{1F8110FF-00D7-4844-9E7E-02B4390BC528}"
EndProject
Project("{9A19103F-16F7-4668-BE54-9A1E7A4F7556}") = "Persistence", "Persistence\Persistence.csproj", "{1B8E2CA3-FA16-43B2-A029-4B6D180FC8CF}"
EndProject
Project("{9A19103F-16F7-4668-BE54-9A1E7A4F7556}") = "API", "API\API.csproj", "{D7430B26-6CBD-4052-9AD3-6DB4F469CA9D}"
EndProject
Project("{FAE04EC0-301F-11D3-BF4B-00C04F79EFBC}") = "Infrastructure", "Infrastructure\Infrastructure.csproj", "{58DF5027-AE4E-48E3-BE5A-66A07B4615DD}"
EndProject
Global
	GlobalSection(SolutionConfigurationPlatforms) = preSolution
		Debug|Any CPU = Debug|Any CPU
		Debug|x64 = Debug|x64
		Debug|x86 = Debug|x86
		Release|Any CPU = Release|Any CPU
		Release|x64 = Release|x64
		Release|x86 = Release|x86
	EndGlobalSection
	GlobalSection(ProjectConfigurationPlatforms) = postSolution
		{DE1C400D-FCDF-434A-86A4-3AD29F8B3491}.Debug|Any CPU.ActiveCfg = Debug|Any CPU
		{DE1C400D-FCDF-434A-86A4-3AD29F8B3491}.Debug|Any CPU.Build.0 = Debug|Any CPU
		{DE1C400D-FCDF-434A-86A4-3AD29F8B3491}.Debug|x64.ActiveCfg = Debug|Any CPU
		{DE1C400D-FCDF-434A-86A4-3AD29F8B3491}.Debug|x64.Build.0 = Debug|Any CPU
		{DE1C400D-FCDF-434A-86A4-3AD29F8B3491}.Debug|x86.ActiveCfg = Debug|Any CPU
		{DE1C400D-FCDF-434A-86A4-3AD29F8B3491}.Debug|x86.Build.0 = Debug|Any CPU
		{DE1C400D-FCDF-434A-86A4-3AD29F8B3491}.Release|Any CPU.ActiveCfg = Release|Any CPU
		{DE1C400D-FCDF-434A-86A4-3AD29F8B3491}.Release|Any CPU.Build.0 = Release|Any CPU
		{DE1C400D-FCDF-434A-86A4-3AD29F8B3491}.Release|x64.ActiveCfg = Release|Any CPU
		{DE1C400D-FCDF-434A-86A4-3AD29F8B3491}.Release|x64.Build.0 = Release|Any CPU
		{DE1C400D-FCDF-434A-86A4-3AD29F8B3491}.Release|x86.ActiveCfg = Release|Any CPU
		{DE1C400D-FCDF-434A-86A4-3AD29F8B3491}.Release|x86.Build.0 = Release|Any CPU
		{1F8110FF-00D7-4844-9E7E-02B4390BC528}.Debug|Any CPU.ActiveCfg = Debug|Any CPU
		{1F8110FF-00D7-4844-9E7E-02B4390BC528}.Debug|Any CPU.Build.0 = Debug|Any CPU
		{1F8110FF-00D7-4844-9E7E-02B4390BC528}.Debug|x64.ActiveCfg = Debug|Any CPU
		{1F8110FF-00D7-4844-9E7E-02B4390BC528}.Debug|x64.Build.0 = Debug|Any CPU
		{1F8110FF-00D7-4844-9E7E-02B4390BC528}.Debug|x86.ActiveCfg = Debug|Any CPU
		{1F8110FF-00D7-4844-9E7E-02B4390BC528}.Debug|x86.Build.0 = Debug|Any CPU
		{1F8110FF-00D7-4844-9E7E-02B4390BC528}.Release|Any CPU.ActiveCfg = Release|Any CPU
		{1F8110FF-00D7-4844-9E7E-02B4390BC528}.Release|Any CPU.Build.0 = Release|Any CPU
		{1F8110FF-00D7-4844-9E7E-02B4390BC528}.Release|x64.ActiveCfg = Release|Any CPU
		{1F8110FF-00D7-4844-9E7E-02B4390BC528}.Release|x64.Build.0 = Release|Any CPU
		{1F8110FF-00D7-4844-9E7E-02B4390BC528}.Release|x86.ActiveCfg = Release|Any CPU
		{1F8110FF-00D7-4844-9E7E-02B4390BC528}.Release|x86.Build.0 = Release|Any CPU
		{1B8E2CA3-FA16-43B2-A029-4B6D180FC8CF}.Debug|Any CPU.ActiveCfg = Debug|Any CPU
		{1B8E2CA3-FA16-43B2-A029-4B6D180FC8CF}.Debug|Any CPU.Build.0 = Debug|Any CPU
		{1B8E2CA3-FA16-43B2-A029-4B6D180FC8CF}.Debug|x64.ActiveCfg = Debug|Any CPU
		{1B8E2CA3-FA16-43B2-A029-4B6D180FC8CF}.Debug|x64.Build.0 = Debug|Any CPU
		{1B8E2CA3-FA16-43B2-A029-4B6D180FC8CF}.Debug|x86.ActiveCfg = Debug|Any CPU
		{1B8E2CA3-FA16-43B2-A029-4B6D180FC8CF}.Debug|x86.Build.0 = Debug|Any CPU
		{1B8E2CA3-FA16-43B2-A029-4B6D180FC8CF}.Release|Any CPU.ActiveCfg = Release|Any CPU
		{1B8E2CA3-FA16-43B2-A029-4B6D180FC8CF}.Release|Any CPU.Build.0 = Release|Any CPU
		{1B8E2CA3-FA16-43B2-A029-4B6D180FC8CF}.Release|x64.ActiveCfg = Release|Any CPU
		{1B8E2CA3-FA16-43B2-A029-4B6D180FC8CF}.Release|x64.Build.0 = Release|Any CPU
		{1B8E2CA3-FA16-43B2-A029-4B6D180FC8CF}.Release|x86.ActiveCfg = Release|Any CPU
		{1B8E2CA3-FA16-43B2-A029-4B6D180FC8CF}.Release|x86.Build.0 = Release|Any CPU
		{D7430B26-6CBD-4052-9AD3-6DB4F469CA9D}.Debug|Any CPU.ActiveCfg = Debug|Any CPU
		{D7430B26-6CBD-4052-9AD3-6DB4F469CA9D}.Debug|Any CPU.Build.0 = Debug|Any CPU
		{D7430B26-6CBD-4052-9AD3-6DB4F469CA9D}.Debug|x64.ActiveCfg = Debug|Any CPU
		{D7430B26-6CBD-4052-9AD3-6DB4F469CA9D}.Debug|x64.Build.0 = Debug|Any CPU
		{D7430B26-6CBD-4052-9AD3-6DB4F469CA9D}.Debug|x86.ActiveCfg = Debug|Any CPU
		{D7430B26-6CBD-4052-9AD3-6DB4F469CA9D}.Debug|x86.Build.0 = Debug|Any CPU
		{D7430B26-6CBD-4052-9AD3-6DB4F469CA9D}.Release|Any CPU.ActiveCfg = Release|Any CPU
		{D7430B26-6CBD-4052-9AD3-6DB4F469CA9D}.Release|Any CPU.Build.0 = Release|Any CPU
		{D7430B26-6CBD-4052-9AD3-6DB4F469CA9D}.Release|x64.ActiveCfg = Release|Any CPU
		{D7430B26-6CBD-4052-9AD3-6DB4F469CA9D}.Release|x64.Build.0 = Release|Any CPU
		{D7430B26-6CBD-4052-9AD3-6DB4F469CA9D}.Release|x86.ActiveCfg = Release|Any CPU
		{D7430B26-6CBD-4052-9AD3-6DB4F469CA9D}.Release|x86.Build.0 = Release|Any CPU
		{58DF5027-AE4E-48E3-BE5A-66A07B4615DD}.Debug|Any CPU.ActiveCfg = Debug|Any CPU
		{58DF5027-AE4E-48E3-BE5A-66A07B4615DD}.Debug|Any CPU.Build.0 = Debug|Any CPU
		{58DF5027-AE4E-48E3-BE5A-66A07B4615DD}.Debug|x64.ActiveCfg = Debug|Any CPU
		{58DF5027-AE4E-48E3-BE5A-66A07B4615DD}.Debug|x64.Build.0 = Debug|Any CPU
		{58DF5027-AE4E-48E3-BE5A-66A07B4615DD}.Debug|x86.ActiveCfg = Debug|Any CPU
		{58DF5027-AE4E-48E3-BE5A-66A07B4615DD}.Debug|x86.Build.0 = Debug|Any CPU
		{58DF5027-AE4E-48E3-BE5A-66A07B4615DD}.Release|Any CPU.ActiveCfg = Release|Any CPU
		{58DF5027-AE4E-48E3-BE5A-66A07B4615DD}.Release|Any CPU.Build.0 = Release|Any CPU
		{58DF5027-AE4E-48E3-BE5A-66A07B4615DD}.Release|x64.ActiveCfg = Release|Any CPU
		{58DF5027-AE4E-48E3-BE5A-66A07B4615DD}.Release|x64.Build.0 = Release|Any CPU
		{58DF5027-AE4E-48E3-BE5A-66A07B4615DD}.Release|x86.ActiveCfg = Release|Any CPU
		{58DF5027-AE4E-48E3-BE5A-66A07B4615DD}.Release|x86.Build.0 = Release|Any CPU
	EndGlobalSection
	GlobalSection(SolutionProperties) = preSolution
		HideSolutionNode = FALSE
	EndGlobalSection
	GlobalSection(ExtensibilityGlobals) = postSolution
		SolutionGuid = {6E78C43F-BD46-4E1C-841D-80E74DB5B12C}
	EndGlobalSection
EndGlobal
